// !$*UTF8*$!
{
	archiveVersion = 1;
	classes = {
	};
	objectVersion = 50;
	objects = {

/* Begin PBXBuildFile section */
		263152D9239506A700CF6EA2 /* PaddingTextField.swift in Sources */ = {isa = PBXBuildFile; fileRef = 263152D8239506A700CF6EA2 /* PaddingTextField.swift */; };
		263152DC23950B4E00CF6EA2 /* Localization.strings in Resources */ = {isa = PBXBuildFile; fileRef = 263152DE23950B4E00CF6EA2 /* Localization.strings */; };
		263152DF23950B9C00CF6EA2 /* LoginView.xib in Resources */ = {isa = PBXBuildFile; fileRef = 263152E123950B9C00CF6EA2 /* LoginView.xib */; };
		26360A0323C903730042FD0F /* Chat.swift in Sources */ = {isa = PBXBuildFile; fileRef = 26360A0223C903730042FD0F /* Chat.swift */; };
		26360A0623C903DD0042FD0F /* ChatViewController.swift in Sources */ = {isa = PBXBuildFile; fileRef = 26360A0523C903DD0042FD0F /* ChatViewController.swift */; };
		26360A0A23C904610042FD0F /* ChatView.xib in Resources */ = {isa = PBXBuildFile; fileRef = 26360A0923C904610042FD0F /* ChatView.xib */; };
		26360A2023C90B080042FD0F /* MainViewController.swift in Sources */ = {isa = PBXBuildFile; fileRef = 26360A1F23C90B080042FD0F /* MainViewController.swift */; };
		26360A2F23C916470042FD0F /* HomeViewController.swift in Sources */ = {isa = PBXBuildFile; fileRef = 26360A2D23C916470042FD0F /* HomeViewController.swift */; };
		26360A3023C916470042FD0F /* HomeViewController.xib in Resources */ = {isa = PBXBuildFile; fileRef = 26360A2E23C916470042FD0F /* HomeViewController.xib */; };
		26360A3523C9168C0042FD0F /* NotificationViewController.swift in Sources */ = {isa = PBXBuildFile; fileRef = 26360A3323C9168C0042FD0F /* NotificationViewController.swift */; };
		26360A3623C9168C0042FD0F /* NotificationViewController.xib in Resources */ = {isa = PBXBuildFile; fileRef = 26360A3423C9168C0042FD0F /* NotificationViewController.xib */; };
		26360A3923C916980042FD0F /* ProfileViewController.swift in Sources */ = {isa = PBXBuildFile; fileRef = 26360A3723C916980042FD0F /* ProfileViewController.swift */; };
		26360A3A23C916980042FD0F /* ProfileViewController.xib in Resources */ = {isa = PBXBuildFile; fileRef = 26360A3823C916980042FD0F /* ProfileViewController.xib */; };
		26360A3D23C917390042FD0F /* MenuBar.swift in Sources */ = {isa = PBXBuildFile; fileRef = 26360A3C23C917390042FD0F /* MenuBar.swift */; };
		265CB3A72394FD2F0040913D /* AppDelegate.swift in Sources */ = {isa = PBXBuildFile; fileRef = 265CB3A62394FD2F0040913D /* AppDelegate.swift */; };
		265CB3A92394FD2F0040913D /* SceneDelegate.swift in Sources */ = {isa = PBXBuildFile; fileRef = 265CB3A82394FD2F0040913D /* SceneDelegate.swift */; };
		265CB3AB2394FD2F0040913D /* ViewController.swift in Sources */ = {isa = PBXBuildFile; fileRef = 265CB3AA2394FD2F0040913D /* ViewController.swift */; };
		265CB3B02394FD3F0040913D /* Assets.xcassets in Resources */ = {isa = PBXBuildFile; fileRef = 265CB3AF2394FD3F0040913D /* Assets.xcassets */; };
		265CB3B32394FD3F0040913D /* LaunchScreen.storyboard in Resources */ = {isa = PBXBuildFile; fileRef = 265CB3B12394FD3F0040913D /* LaunchScreen.storyboard */; };
		265CB3BE2394FD3F0040913D /* SimpleXibTests.swift in Sources */ = {isa = PBXBuildFile; fileRef = 265CB3BD2394FD3F0040913D /* SimpleXibTests.swift */; };
		265CB3C92394FD3F0040913D /* SimpleXibUITests.swift in Sources */ = {isa = PBXBuildFile; fileRef = 265CB3C82394FD3F0040913D /* SimpleXibUITests.swift */; };
		265CB3D92394FD740040913D /* LoginViewController.swift in Sources */ = {isa = PBXBuildFile; fileRef = 265CB3D82394FD740040913D /* LoginViewController.swift */; };
		265CB3DB2394FDB00040913D /* Color.xcassets in Resources */ = {isa = PBXBuildFile; fileRef = 265CB3DA2394FDB00040913D /* Color.xcassets */; };
		267D857D239585C900677EEA /* AppUtils.swift in Sources */ = {isa = PBXBuildFile; fileRef = 267D857C239585C900677EEA /* AppUtils.swift */; };
		267D85832395A28900677EEA /* LozalizedLabel.swift in Sources */ = {isa = PBXBuildFile; fileRef = 267D85822395A28900677EEA /* LozalizedLabel.swift */; };
		267D85852395A33C00677EEA /* UIButton.swift in Sources */ = {isa = PBXBuildFile; fileRef = 267D85842395A33C00677EEA /* UIButton.swift */; };
/* End PBXBuildFile section */

/* Begin PBXContainerItemProxy section */
		265CB3BA2394FD3F0040913D /* PBXContainerItemProxy */ = {
			isa = PBXContainerItemProxy;
			containerPortal = 265CB39B2394FD2F0040913D /* Project object */;
			proxyType = 1;
			remoteGlobalIDString = 265CB3A22394FD2F0040913D;
			remoteInfo = SimpleXib;
		};
		265CB3C52394FD3F0040913D /* PBXContainerItemProxy */ = {
			isa = PBXContainerItemProxy;
			containerPortal = 265CB39B2394FD2F0040913D /* Project object */;
			proxyType = 1;
			remoteGlobalIDString = 265CB3A22394FD2F0040913D;
			remoteInfo = SimpleXib;
		};
/* End PBXContainerItemProxy section */

/* Begin PBXFileReference section */
		263152D8239506A700CF6EA2 /* PaddingTextField.swift */ = {isa = PBXFileReference; lastKnownFileType = sourcecode.swift; path = PaddingTextField.swift; sourceTree = "<group>"; };
		263152DD23950B4E00CF6EA2 /* en */ = {isa = PBXFileReference; lastKnownFileType = text.plist.strings; name = en; path = en.lproj/Localization.strings; sourceTree = "<group>"; };
		26360A0223C903730042FD0F /* Chat.swift */ = {isa = PBXFileReference; lastKnownFileType = sourcecode.swift; path = Chat.swift; sourceTree = "<group>"; };
		26360A0523C903DD0042FD0F /* ChatViewController.swift */ = {isa = PBXFileReference; lastKnownFileType = sourcecode.swift; path = ChatViewController.swift; sourceTree = "<group>"; };
		26360A0923C904610042FD0F /* ChatView.xib */ = {isa = PBXFileReference; lastKnownFileType = file.xib; path = ChatView.xib; sourceTree = "<group>"; };
		26360A1F23C90B080042FD0F /* MainViewController.swift */ = {isa = PBXFileReference; fileEncoding = 4; lastKnownFileType = sourcecode.swift; path = MainViewController.swift; sourceTree = "<group>"; };
		26360A2D23C916470042FD0F /* HomeViewController.swift */ = {isa = PBXFileReference; lastKnownFileType = sourcecode.swift; path = HomeViewController.swift; sourceTree = "<group>"; };
		26360A2E23C916470042FD0F /* HomeViewController.xib */ = {isa = PBXFileReference; lastKnownFileType = file.xib; path = HomeViewController.xib; sourceTree = "<group>"; };
		26360A3323C9168C0042FD0F /* NotificationViewController.swift */ = {isa = PBXFileReference; lastKnownFileType = sourcecode.swift; path = NotificationViewController.swift; sourceTree = "<group>"; };
		26360A3423C9168C0042FD0F /* NotificationViewController.xib */ = {isa = PBXFileReference; lastKnownFileType = file.xib; path = NotificationViewController.xib; sourceTree = "<group>"; };
		26360A3723C916980042FD0F /* ProfileViewController.swift */ = {isa = PBXFileReference; lastKnownFileType = sourcecode.swift; path = ProfileViewController.swift; sourceTree = "<group>"; };
		26360A3823C916980042FD0F /* ProfileViewController.xib */ = {isa = PBXFileReference; lastKnownFileType = file.xib; path = ProfileViewController.xib; sourceTree = "<group>"; };
		26360A3C23C917390042FD0F /* MenuBar.swift */ = {isa = PBXFileReference; lastKnownFileType = sourcecode.swift; path = MenuBar.swift; sourceTree = "<group>"; };
		265CB3A32394FD2F0040913D /* SimpleXib.app */ = {isa = PBXFileReference; explicitFileType = wrapper.application; includeInIndex = 0; path = SimpleXib.app; sourceTree = BUILT_PRODUCTS_DIR; };
		265CB3A62394FD2F0040913D /* AppDelegate.swift */ = {isa = PBXFileReference; lastKnownFileType = sourcecode.swift; path = AppDelegate.swift; sourceTree = "<group>"; };
		265CB3A82394FD2F0040913D /* SceneDelegate.swift */ = {isa = PBXFileReference; lastKnownFileType = sourcecode.swift; path = SceneDelegate.swift; sourceTree = "<group>"; };
		265CB3AA2394FD2F0040913D /* ViewController.swift */ = {isa = PBXFileReference; lastKnownFileType = sourcecode.swift; path = ViewController.swift; sourceTree = "<group>"; };
		265CB3AF2394FD3F0040913D /* Assets.xcassets */ = {isa = PBXFileReference; lastKnownFileType = folder.assetcatalog; path = Assets.xcassets; sourceTree = "<group>"; };
		265CB3B22394FD3F0040913D /* Base */ = {isa = PBXFileReference; lastKnownFileType = file.storyboard; name = Base; path = Base.lproj/LaunchScreen.storyboard; sourceTree = "<group>"; };
		265CB3B42394FD3F0040913D /* Info.plist */ = {isa = PBXFileReference; lastKnownFileType = text.plist.xml; path = Info.plist; sourceTree = "<group>"; };
		265CB3B92394FD3F0040913D /* SimpleXibTests.xctest */ = {isa = PBXFileReference; explicitFileType = wrapper.cfbundle; includeInIndex = 0; path = SimpleXibTests.xctest; sourceTree = BUILT_PRODUCTS_DIR; };
		265CB3BD2394FD3F0040913D /* SimpleXibTests.swift */ = {isa = PBXFileReference; lastKnownFileType = sourcecode.swift; path = SimpleXibTests.swift; sourceTree = "<group>"; };
		265CB3BF2394FD3F0040913D /* Info.plist */ = {isa = PBXFileReference; lastKnownFileType = text.plist.xml; path = Info.plist; sourceTree = "<group>"; };
		265CB3C42394FD3F0040913D /* SimpleXibUITests.xctest */ = {isa = PBXFileReference; explicitFileType = wrapper.cfbundle; includeInIndex = 0; path = SimpleXibUITests.xctest; sourceTree = BUILT_PRODUCTS_DIR; };
		265CB3C82394FD3F0040913D /* SimpleXibUITests.swift */ = {isa = PBXFileReference; lastKnownFileType = sourcecode.swift; path = SimpleXibUITests.swift; sourceTree = "<group>"; };
		265CB3CA2394FD3F0040913D /* Info.plist */ = {isa = PBXFileReference; lastKnownFileType = text.plist.xml; path = Info.plist; sourceTree = "<group>"; };
		265CB3D82394FD740040913D /* LoginViewController.swift */ = {isa = PBXFileReference; lastKnownFileType = sourcecode.swift; path = LoginViewController.swift; sourceTree = "<group>"; };
		265CB3DA2394FDB00040913D /* Color.xcassets */ = {isa = PBXFileReference; lastKnownFileType = folder.assetcatalog; path = Color.xcassets; sourceTree = "<group>"; };
		267D85782395857500677EEA /* id */ = {isa = PBXFileReference; lastKnownFileType = text.plist.strings; name = id; path = id.lproj/Localization.strings; sourceTree = "<group>"; };
		267D857C239585C900677EEA /* AppUtils.swift */ = {isa = PBXFileReference; lastKnownFileType = sourcecode.swift; path = AppUtils.swift; sourceTree = "<group>"; };
		267D857E2395A13F00677EEA /* Base */ = {isa = PBXFileReference; lastKnownFileType = file.xib; name = Base; path = Base.lproj/LoginView.xib; sourceTree = "<group>"; };
		267D85822395A28900677EEA /* LozalizedLabel.swift */ = {isa = PBXFileReference; lastKnownFileType = sourcecode.swift; path = LozalizedLabel.swift; sourceTree = "<group>"; };
		267D85842395A33C00677EEA /* UIButton.swift */ = {isa = PBXFileReference; lastKnownFileType = sourcecode.swift; path = UIButton.swift; sourceTree = "<group>"; };
/* End PBXFileReference section */

/* Begin PBXFrameworksBuildPhase section */
		265CB3A02394FD2F0040913D /* Frameworks */ = {
			isa = PBXFrameworksBuildPhase;
			buildActionMask = 2147483647;
			files = (
			);
			runOnlyForDeploymentPostprocessing = 0;
		};
		265CB3B62394FD3F0040913D /* Frameworks */ = {
			isa = PBXFrameworksBuildPhase;
			buildActionMask = 2147483647;
			files = (
			);
			runOnlyForDeploymentPostprocessing = 0;
		};
		265CB3C12394FD3F0040913D /* Frameworks */ = {
			isa = PBXFrameworksBuildPhase;
			buildActionMask = 2147483647;
			files = (
			);
			runOnlyForDeploymentPostprocessing = 0;
		};
/* End PBXFrameworksBuildPhase section */

/* Begin PBXGroup section */
		26360A0023C903630042FD0F /* Chat */ = {
			isa = PBXGroup;
			children = (
				26360A0423C903CE0042FD0F /* View */,
				26360A0123C903690042FD0F /* Data */,
			);
			path = Chat;
			sourceTree = "<group>";
		};
		26360A0123C903690042FD0F /* Data */ = {
			isa = PBXGroup;
			children = (
				26360A0223C903730042FD0F /* Chat.swift */,
			);
			path = Data;
			sourceTree = "<group>";
		};
		26360A0423C903CE0042FD0F /* View */ = {
			isa = PBXGroup;
			children = (
				26360A0523C903DD0042FD0F /* ChatViewController.swift */,
				26360A0923C904610042FD0F /* ChatView.xib */,
			);
			path = View;
			sourceTree = "<group>";
		};
		26360A1A23C9095D0042FD0F /* Main */ = {
			isa = PBXGroup;
			children = (
				26360A2C23C9161F0042FD0F /* Tab */,
				26360A1F23C90B080042FD0F /* MainViewController.swift */,
				26360A3C23C917390042FD0F /* MenuBar.swift */,
			);
			path = Main;
			sourceTree = "<group>";
		};
		26360A2B23C916190042FD0F /* Home */ = {
			isa = PBXGroup;
			children = (
				26360A2D23C916470042FD0F /* HomeViewController.swift */,
				26360A2E23C916470042FD0F /* HomeViewController.xib */,
			);
			path = Home;
			sourceTree = "<group>";
		};
		26360A2C23C9161F0042FD0F /* Tab */ = {
			isa = PBXGroup;
			children = (
				26360A3223C9167A0042FD0F /* Profile */,
				26360A3123C916740042FD0F /* Notification */,
				26360A0023C903630042FD0F /* Chat */,
				26360A2B23C916190042FD0F /* Home */,
			);
			path = Tab;
			sourceTree = "<group>";
		};
		26360A3123C916740042FD0F /* Notification */ = {
			isa = PBXGroup;
			children = (
				26360A3323C9168C0042FD0F /* NotificationViewController.swift */,
				26360A3423C9168C0042FD0F /* NotificationViewController.xib */,
			);
			path = Notification;
			sourceTree = "<group>";
		};
		26360A3223C9167A0042FD0F /* Profile */ = {
			isa = PBXGroup;
			children = (
				26360A3723C916980042FD0F /* ProfileViewController.swift */,
				26360A3823C916980042FD0F /* ProfileViewController.xib */,
			);
			path = Profile;
			sourceTree = "<group>";
		};
		265CB39A2394FD2F0040913D = {
			isa = PBXGroup;
			children = (
				265CB3A52394FD2F0040913D /* SimpleXib */,
				265CB3BC2394FD3F0040913D /* SimpleXibTests */,
				265CB3C72394FD3F0040913D /* SimpleXibUITests */,
				265CB3A42394FD2F0040913D /* Products */,
			);
			sourceTree = "<group>";
		};
		265CB3A42394FD2F0040913D /* Products */ = {
			isa = PBXGroup;
			children = (
				265CB3A32394FD2F0040913D /* SimpleXib.app */,
				265CB3B92394FD3F0040913D /* SimpleXibTests.xctest */,
				265CB3C42394FD3F0040913D /* SimpleXibUITests.xctest */,
			);
			name = Products;
			sourceTree = "<group>";
		};
		265CB3A52394FD2F0040913D /* SimpleXib */ = {
			isa = PBXGroup;
			children = (
				267D857B239585BD00677EEA /* Utils */,
				265CB3DE239503370040913D /* CustomComponent */,
				265CB3D62394FD5F0040913D /* UI */,
				265CB3A62394FD2F0040913D /* AppDelegate.swift */,
				265CB3A82394FD2F0040913D /* SceneDelegate.swift */,
				265CB3AA2394FD2F0040913D /* ViewController.swift */,
				265CB3DA2394FDB00040913D /* Color.xcassets */,
				265CB3AF2394FD3F0040913D /* Assets.xcassets */,
				265CB3B12394FD3F0040913D /* LaunchScreen.storyboard */,
				265CB3B42394FD3F0040913D /* Info.plist */,
				263152DE23950B4E00CF6EA2 /* Localization.strings */,
			);
			path = SimpleXib;
			sourceTree = "<group>";
		};
		265CB3BC2394FD3F0040913D /* SimpleXibTests */ = {
			isa = PBXGroup;
			children = (
				265CB3BD2394FD3F0040913D /* SimpleXibTests.swift */,
				265CB3BF2394FD3F0040913D /* Info.plist */,
			);
			path = SimpleXibTests;
			sourceTree = "<group>";
		};
		265CB3C72394FD3F0040913D /* SimpleXibUITests */ = {
			isa = PBXGroup;
			children = (
				265CB3C82394FD3F0040913D /* SimpleXibUITests.swift */,
				265CB3CA2394FD3F0040913D /* Info.plist */,
			);
			path = SimpleXibUITests;
			sourceTree = "<group>";
		};
		265CB3D62394FD5F0040913D /* UI */ = {
			isa = PBXGroup;
			children = (
				26360A1A23C9095D0042FD0F /* Main */,
				265CB3D72394FD670040913D /* Login */,
			);
			path = UI;
			sourceTree = "<group>";
		};
		265CB3D72394FD670040913D /* Login */ = {
			isa = PBXGroup;
			children = (
				265CB3D82394FD740040913D /* LoginViewController.swift */,
				263152E123950B9C00CF6EA2 /* LoginView.xib */,
			);
			path = Login;
			sourceTree = "<group>";
		};
		265CB3DE239503370040913D /* CustomComponent */ = {
			isa = PBXGroup;
			children = (
				267D85822395A28900677EEA /* LozalizedLabel.swift */,
				267D85842395A33C00677EEA /* UIButton.swift */,
				263152D8239506A700CF6EA2 /* PaddingTextField.swift */,
			);
			path = CustomComponent;
			sourceTree = "<group>";
		};
		267D857B239585BD00677EEA /* Utils */ = {
			isa = PBXGroup;
			children = (
				267D857C239585C900677EEA /* AppUtils.swift */,
			);
			path = Utils;
			sourceTree = "<group>";
		};
/* End PBXGroup section */

/* Begin PBXNativeTarget section */
		265CB3A22394FD2F0040913D /* SimpleXib */ = {
			isa = PBXNativeTarget;
			buildConfigurationList = 265CB3CD2394FD3F0040913D /* Build configuration list for PBXNativeTarget "SimpleXib" */;
			buildPhases = (
				265CB39F2394FD2F0040913D /* Sources */,
				265CB3A02394FD2F0040913D /* Frameworks */,
				265CB3A12394FD2F0040913D /* Resources */,
			);
			buildRules = (
			);
			dependencies = (
			);
			name = SimpleXib;
			productName = SimpleXib;
			productReference = 265CB3A32394FD2F0040913D /* SimpleXib.app */;
			productType = "com.apple.product-type.application";
		};
		265CB3B82394FD3F0040913D /* SimpleXibTests */ = {
			isa = PBXNativeTarget;
			buildConfigurationList = 265CB3D02394FD3F0040913D /* Build configuration list for PBXNativeTarget "SimpleXibTests" */;
			buildPhases = (
				265CB3B52394FD3F0040913D /* Sources */,
				265CB3B62394FD3F0040913D /* Frameworks */,
				265CB3B72394FD3F0040913D /* Resources */,
			);
			buildRules = (
			);
			dependencies = (
				265CB3BB2394FD3F0040913D /* PBXTargetDependency */,
			);
			name = SimpleXibTests;
			productName = SimpleXibTests;
			productReference = 265CB3B92394FD3F0040913D /* SimpleXibTests.xctest */;
			productType = "com.apple.product-type.bundle.unit-test";
		};
		265CB3C32394FD3F0040913D /* SimpleXibUITests */ = {
			isa = PBXNativeTarget;
			buildConfigurationList = 265CB3D32394FD3F0040913D /* Build configuration list for PBXNativeTarget "SimpleXibUITests" */;
			buildPhases = (
				265CB3C02394FD3F0040913D /* Sources */,
				265CB3C12394FD3F0040913D /* Frameworks */,
				265CB3C22394FD3F0040913D /* Resources */,
			);
			buildRules = (
			);
			dependencies = (
				265CB3C62394FD3F0040913D /* PBXTargetDependency */,
			);
			name = SimpleXibUITests;
			productName = SimpleXibUITests;
			productReference = 265CB3C42394FD3F0040913D /* SimpleXibUITests.xctest */;
			productType = "com.apple.product-type.bundle.ui-testing";
		};
/* End PBXNativeTarget section */

/* Begin PBXProject section */
		265CB39B2394FD2F0040913D /* Project object */ = {
			isa = PBXProject;
			attributes = {
				LastSwiftUpdateCheck = 1120;
				LastUpgradeCheck = 1120;
				ORGANIZATIONNAME = "Irfan Pertadima";
				TargetAttributes = {
					265CB3A22394FD2F0040913D = {
						CreatedOnToolsVersion = 11.2.1;
					};
					265CB3B82394FD3F0040913D = {
						CreatedOnToolsVersion = 11.2.1;
						TestTargetID = 265CB3A22394FD2F0040913D;
					};
					265CB3C32394FD3F0040913D = {
						CreatedOnToolsVersion = 11.2.1;
						TestTargetID = 265CB3A22394FD2F0040913D;
					};
				};
			};
			buildConfigurationList = 265CB39E2394FD2F0040913D /* Build configuration list for PBXProject "SimpleXib" */;
			compatibilityVersion = "Xcode 9.3";
			developmentRegion = en;
			hasScannedForEncodings = 0;
			knownRegions = (
				en,
				Base,
				id,
			);
			mainGroup = 265CB39A2394FD2F0040913D;
			productRefGroup = 265CB3A42394FD2F0040913D /* Products */;
			projectDirPath = "";
			projectRoot = "";
			targets = (
				265CB3A22394FD2F0040913D /* SimpleXib */,
				265CB3B82394FD3F0040913D /* SimpleXibTests */,
				265CB3C32394FD3F0040913D /* SimpleXibUITests */,
			);
		};
/* End PBXProject section */

/* Begin PBXResourcesBuildPhase section */
		265CB3A12394FD2F0040913D /* Resources */ = {
			isa = PBXResourcesBuildPhase;
			buildActionMask = 2147483647;
			files = (
				26360A3A23C916980042FD0F /* ProfileViewController.xib in Resources */,
				26360A0A23C904610042FD0F /* ChatView.xib in Resources */,
				265CB3B32394FD3F0040913D /* LaunchScreen.storyboard in Resources */,
				265CB3B02394FD3F0040913D /* Assets.xcassets in Resources */,
				263152DF23950B9C00CF6EA2 /* LoginView.xib in Resources */,
				263152DC23950B4E00CF6EA2 /* Localization.strings in Resources */,
				26360A3623C9168C0042FD0F /* NotificationViewController.xib in Resources */,
				26360A3023C916470042FD0F /* HomeViewController.xib in Resources */,
				265CB3DB2394FDB00040913D /* Color.xcassets in Resources */,
			);
			runOnlyForDeploymentPostprocessing = 0;
		};
		265CB3B72394FD3F0040913D /* Resources */ = {
			isa = PBXResourcesBuildPhase;
			buildActionMask = 2147483647;
			files = (
			);
			runOnlyForDeploymentPostprocessing = 0;
		};
		265CB3C22394FD3F0040913D /* Resources */ = {
			isa = PBXResourcesBuildPhase;
			buildActionMask = 2147483647;
			files = (
			);
			runOnlyForDeploymentPostprocessing = 0;
		};
/* End PBXResourcesBuildPhase section */

/* Begin PBXSourcesBuildPhase section */
		265CB39F2394FD2F0040913D /* Sources */ = {
			isa = PBXSourcesBuildPhase;
			buildActionMask = 2147483647;
			files = (
				265CB3D92394FD740040913D /* LoginViewController.swift in Sources */,
				26360A2023C90B080042FD0F /* MainViewController.swift in Sources */,
				265CB3AB2394FD2F0040913D /* ViewController.swift in Sources */,
				26360A0623C903DD0042FD0F /* ChatViewController.swift in Sources */,
				26360A3923C916980042FD0F /* ProfileViewController.swift in Sources */,
				267D85832395A28900677EEA /* LozalizedLabel.swift in Sources */,
				26360A0323C903730042FD0F /* Chat.swift in Sources */,
				267D85852395A33C00677EEA /* UIButton.swift in Sources */,
				265CB3A72394FD2F0040913D /* AppDelegate.swift in Sources */,
				267D857D239585C900677EEA /* AppUtils.swift in Sources */,
				26360A3523C9168C0042FD0F /* NotificationViewController.swift in Sources */,
				265CB3A92394FD2F0040913D /* SceneDelegate.swift in Sources */,
				263152D9239506A700CF6EA2 /* PaddingTextField.swift in Sources */,
				26360A2F23C916470042FD0F /* HomeViewController.swift in Sources */,
				26360A3D23C917390042FD0F /* MenuBar.swift in Sources */,
			);
			runOnlyForDeploymentPostprocessing = 0;
		};
		265CB3B52394FD3F0040913D /* Sources */ = {
			isa = PBXSourcesBuildPhase;
			buildActionMask = 2147483647;
			files = (
				265CB3BE2394FD3F0040913D /* SimpleXibTests.swift in Sources */,
			);
			runOnlyForDeploymentPostprocessing = 0;
		};
		265CB3C02394FD3F0040913D /* Sources */ = {
			isa = PBXSourcesBuildPhase;
			buildActionMask = 2147483647;
			files = (
				265CB3C92394FD3F0040913D /* SimpleXibUITests.swift in Sources */,
			);
			runOnlyForDeploymentPostprocessing = 0;
		};
/* End PBXSourcesBuildPhase section */

/* Begin PBXTargetDependency section */
		265CB3BB2394FD3F0040913D /* PBXTargetDependency */ = {
			isa = PBXTargetDependency;
			target = 265CB3A22394FD2F0040913D /* SimpleXib */;
			targetProxy = 265CB3BA2394FD3F0040913D /* PBXContainerItemProxy */;
		};
		265CB3C62394FD3F0040913D /* PBXTargetDependency */ = {
			isa = PBXTargetDependency;
			target = 265CB3A22394FD2F0040913D /* SimpleXib */;
			targetProxy = 265CB3C52394FD3F0040913D /* PBXContainerItemProxy */;
		};
/* End PBXTargetDependency section */

/* Begin PBXVariantGroup section */
		263152DE23950B4E00CF6EA2 /* Localization.strings */ = {
			isa = PBXVariantGroup;
			children = (
				263152DD23950B4E00CF6EA2 /* en */,
				267D85782395857500677EEA /* id */,
			);
			name = Localization.strings;
			sourceTree = "<group>";
		};
		263152E123950B9C00CF6EA2 /* LoginView.xib */ = {
			isa = PBXVariantGroup;
			children = (
				267D857E2395A13F00677EEA /* Base */,
			);
			name = LoginView.xib;
			sourceTree = "<group>";
		};
		265CB3B12394FD3F0040913D /* LaunchScreen.storyboard */ = {
			isa = PBXVariantGroup;
			children = (
				265CB3B22394FD3F0040913D /* Base */,
			);
			name = LaunchScreen.storyboard;
			sourceTree = "<group>";
		};
/* End PBXVariantGroup section */

/* Begin XCBuildConfiguration section */
		265CB3CB2394FD3F0040913D /* Debug */ = {
			isa = XCBuildConfiguration;
			buildSettings = {
				ALWAYS_SEARCH_USER_PATHS = NO;
				CLANG_ANALYZER_LOCALIZABILITY_NONLOCALIZED = YES;
				CLANG_ANALYZER_NONNULL = YES;
				CLANG_ANALYZER_NUMBER_OBJECT_CONVERSION = YES_AGGRESSIVE;
				CLANG_CXX_LANGUAGE_STANDARD = "gnu++14";
				CLANG_CXX_LIBRARY = "libc++";
				CLANG_ENABLE_MODULES = YES;
				CLANG_ENABLE_OBJC_ARC = YES;
				CLANG_ENABLE_OBJC_WEAK = YES;
				CLANG_WARN_BLOCK_CAPTURE_AUTORELEASING = YES;
				CLANG_WARN_BOOL_CONVERSION = YES;
				CLANG_WARN_COMMA = YES;
				CLANG_WARN_CONSTANT_CONVERSION = YES;
				CLANG_WARN_DEPRECATED_OBJC_IMPLEMENTATIONS = YES;
				CLANG_WARN_DIRECT_OBJC_ISA_USAGE = YES_ERROR;
				CLANG_WARN_DOCUMENTATION_COMMENTS = YES;
				CLANG_WARN_EMPTY_BODY = YES;
				CLANG_WARN_ENUM_CONVERSION = YES;
				CLANG_WARN_INFINITE_RECURSION = YES;
				CLANG_WARN_INT_CONVERSION = YES;
				CLANG_WARN_NON_LITERAL_NULL_CONVERSION = YES;
				CLANG_WARN_OBJC_IMPLICIT_RETAIN_SELF = YES;
				CLANG_WARN_OBJC_LITERAL_CONVERSION = YES;
				CLANG_WARN_OBJC_ROOT_CLASS = YES_ERROR;
				CLANG_WARN_RANGE_LOOP_ANALYSIS = YES;
				CLANG_WARN_STRICT_PROTOTYPES = YES;
				CLANG_WARN_SUSPICIOUS_MOVE = YES;
				CLANG_WARN_UNGUARDED_AVAILABILITY = YES_AGGRESSIVE;
				CLANG_WARN_UNREACHABLE_CODE = YES;
				CLANG_WARN__DUPLICATE_METHOD_MATCH = YES;
				COPY_PHASE_STRIP = NO;
				DEBUG_INFORMATION_FORMAT = dwarf;
				ENABLE_STRICT_OBJC_MSGSEND = YES;
				ENABLE_TESTABILITY = YES;
				GCC_C_LANGUAGE_STANDARD = gnu11;
				GCC_DYNAMIC_NO_PIC = NO;
				GCC_NO_COMMON_BLOCKS = YES;
				GCC_OPTIMIZATION_LEVEL = 0;
				GCC_PREPROCESSOR_DEFINITIONS = (
					"DEBUG=1",
					"$(inherited)",
				);
				GCC_WARN_64_TO_32_BIT_CONVERSION = YES;
				GCC_WARN_ABOUT_RETURN_TYPE = YES_ERROR;
				GCC_WARN_UNDECLARED_SELECTOR = YES;
				GCC_WARN_UNINITIALIZED_AUTOS = YES_AGGRESSIVE;
				GCC_WARN_UNUSED_FUNCTION = YES;
				GCC_WARN_UNUSED_VARIABLE = YES;
				IPHONEOS_DEPLOYMENT_TARGET = 13.2;
				MTL_ENABLE_DEBUG_INFO = INCLUDE_SOURCE;
				MTL_FAST_MATH = YES;
				ONLY_ACTIVE_ARCH = YES;
				SDKROOT = iphoneos;
				SWIFT_ACTIVE_COMPILATION_CONDITIONS = DEBUG;
				SWIFT_OPTIMIZATION_LEVEL = "-Onone";
			};
			name = Debug;
		};
		265CB3CC2394FD3F0040913D /* Release */ = {
			isa = XCBuildConfiguration;
			buildSettings = {
				ALWAYS_SEARCH_USER_PATHS = NO;
				CLANG_ANALYZER_LOCALIZABILITY_NONLOCALIZED = YES;
				CLANG_ANALYZER_NONNULL = YES;
				CLANG_ANALYZER_NUMBER_OBJECT_CONVERSION = YES_AGGRESSIVE;
				CLANG_CXX_LANGUAGE_STANDARD = "gnu++14";
				CLANG_CXX_LIBRARY = "libc++";
				CLANG_ENABLE_MODULES = YES;
				CLANG_ENABLE_OBJC_ARC = YES;
				CLANG_ENABLE_OBJC_WEAK = YES;
				CLANG_WARN_BLOCK_CAPTURE_AUTORELEASING = YES;
				CLANG_WARN_BOOL_CONVERSION = YES;
				CLANG_WARN_COMMA = YES;
				CLANG_WARN_CONSTANT_CONVERSION = YES;
				CLANG_WARN_DEPRECATED_OBJC_IMPLEMENTATIONS = YES;
				CLANG_WARN_DIRECT_OBJC_ISA_USAGE = YES_ERROR;
				CLANG_WARN_DOCUMENTATION_COMMENTS = YES;
				CLANG_WARN_EMPTY_BODY = YES;
				CLANG_WARN_ENUM_CONVERSION = YES;
				CLANG_WARN_INFINITE_RECURSION = YES;
				CLANG_WARN_INT_CONVERSION = YES;
				CLANG_WARN_NON_LITERAL_NULL_CONVERSION = YES;
				CLANG_WARN_OBJC_IMPLICIT_RETAIN_SELF = YES;
				CLANG_WARN_OBJC_LITERAL_CONVERSION = YES;
				CLANG_WARN_OBJC_ROOT_CLASS = YES_ERROR;
				CLANG_WARN_RANGE_LOOP_ANALYSIS = YES;
				CLANG_WARN_STRICT_PROTOTYPES = YES;
				CLANG_WARN_SUSPICIOUS_MOVE = YES;
				CLANG_WARN_UNGUARDED_AVAILABILITY = YES_AGGRESSIVE;
				CLANG_WARN_UNREACHABLE_CODE = YES;
				CLANG_WARN__DUPLICATE_METHOD_MATCH = YES;
				COPY_PHASE_STRIP = NO;
				DEBUG_INFORMATION_FORMAT = "dwarf-with-dsym";
				ENABLE_NS_ASSERTIONS = NO;
				ENABLE_STRICT_OBJC_MSGSEND = YES;
				GCC_C_LANGUAGE_STANDARD = gnu11;
				GCC_NO_COMMON_BLOCKS = YES;
				GCC_WARN_64_TO_32_BIT_CONVERSION = YES;
				GCC_WARN_ABOUT_RETURN_TYPE = YES_ERROR;
				GCC_WARN_UNDECLARED_SELECTOR = YES;
				GCC_WARN_UNINITIALIZED_AUTOS = YES_AGGRESSIVE;
				GCC_WARN_UNUSED_FUNCTION = YES;
				GCC_WARN_UNUSED_VARIABLE = YES;
				IPHONEOS_DEPLOYMENT_TARGET = 13.2;
				MTL_ENABLE_DEBUG_INFO = NO;
				MTL_FAST_MATH = YES;
				SDKROOT = iphoneos;
				SWIFT_COMPILATION_MODE = wholemodule;
				SWIFT_OPTIMIZATION_LEVEL = "-O";
				VALIDATE_PRODUCT = YES;
			};
			name = Release;
		};
		265CB3CE2394FD3F0040913D /* Debug */ = {
			isa = XCBuildConfiguration;
			buildSettings = {
				ASSETCATALOG_COMPILER_APPICON_NAME = AppIcon;
				CODE_SIGN_STYLE = Automatic;
				INFOPLIST_FILE = SimpleXib/Info.plist;
				LD_RUNPATH_SEARCH_PATHS = (
					"$(inherited)",
					"@executable_path/Frameworks",
				);
				PRODUCT_BUNDLE_IDENTIFIER = id.layouting.SimpleXib;
				PRODUCT_NAME = "$(TARGET_NAME)";
				SWIFT_VERSION = 5.0;
				TARGETED_DEVICE_FAMILY = "1,2";
			};
			name = Debug;
		};
		265CB3CF2394FD3F0040913D /* Release */ = {
			isa = XCBuildConfiguration;
			buildSettings = {
				ASSETCATALOG_COMPILER_APPICON_NAME = AppIcon;
				CODE_SIGN_STYLE = Automatic;
				INFOPLIST_FILE = SimpleXib/Info.plist;
				LD_RUNPATH_SEARCH_PATHS = (
					"$(inherited)",
					"@executable_path/Frameworks",
				);
				PRODUCT_BUNDLE_IDENTIFIER = id.layouting.SimpleXib;
				PRODUCT_NAME = "$(TARGET_NAME)";
				SWIFT_VERSION = 5.0;
				TARGETED_DEVICE_FAMILY = "1,2";
			};
			name = Release;
		};
		265CB3D12394FD3F0040913D /* Debug */ = {
			isa = XCBuildConfiguration;
			buildSettings = {
				ALWAYS_EMBED_SWIFT_STANDARD_LIBRARIES = YES;
				BUNDLE_LOADER = "$(TEST_HOST)";
				CODE_SIGN_STYLE = Automatic;
				INFOPLIST_FILE = SimpleXibTests/Info.plist;
				IPHONEOS_DEPLOYMENT_TARGET = 13.2;
				LD_RUNPATH_SEARCH_PATHS = (
					"$(inherited)",
					"@executable_path/Frameworks",
					"@loader_path/Frameworks",
				);
				PRODUCT_BUNDLE_IDENTIFIER = id.layouting.SimpleXibTests;
				PRODUCT_NAME = "$(TARGET_NAME)";
				SWIFT_VERSION = 5.0;
				TARGETED_DEVICE_FAMILY = "1,2";
				TEST_HOST = "$(BUILT_PRODUCTS_DIR)/SimpleXib.app/SimpleXib";
			};
			name = Debug;
		};
		265CB3D22394FD3F0040913D /* Release */ = {
			isa = XCBuildConfiguration;
			buildSettings = {
				ALWAYS_EMBED_SWIFT_STANDARD_LIBRARIES = YES;
				BUNDLE_LOADER = "$(TEST_HOST)";
				CODE_SIGN_STYLE = Automatic;
				INFOPLIST_FILE = SimpleXibTests/Info.plist;
				IPHONEOS_DEPLOYMENT_TARGET = 13.2;
				LD_RUNPATH_SEARCH_PATHS = (
					"$(inherited)",
					"@executable_path/Frameworks",
					"@loader_path/Frameworks",
				);
				PRODUCT_BUNDLE_IDENTIFIER = id.layouting.SimpleXibTests;
				PRODUCT_NAME = "$(TARGET_NAME)";
				SWIFT_VERSION = 5.0;
				TARGETED_DEVICE_FAMILY = "1,2";
				TEST_HOST = "$(BUILT_PRODUCTS_DIR)/SimpleXib.app/SimpleXib";
			};
			name = Release;
		};
		265CB3D42394FD3F0040913D /* Debug */ = {
			isa = XCBuildConfiguration;
			buildSettings = {
				ALWAYS_EMBED_SWIFT_STANDARD_LIBRARIES = YES;
				CODE_SIGN_STYLE = Automatic;
				INFOPLIST_FILE = SimpleXibUITests/Info.plist;
				LD_RUNPATH_SEARCH_PATHS = (
					"$(inherited)",
					"@executable_path/Frameworks",
					"@loader_path/Frameworks",
				);
				PRODUCT_BUNDLE_IDENTIFIER = id.layouting.SimpleXibUITests;
				PRODUCT_NAME = "$(TARGET_NAME)";
				SWIFT_VERSION = 5.0;
				TARGETED_DEVICE_FAMILY = "1,2";
				TEST_TARGET_NAME = SimpleXib;
			};
			name = Debug;
		};
		265CB3D52394FD3F0040913D /* Release */ = {
			isa = XCBuildConfiguration;
			buildSettings = {
				ALWAYS_EMBED_SWIFT_STANDARD_LIBRARIES = YES;
				CODE_SIGN_STYLE = Automatic;
				INFOPLIST_FILE = SimpleXibUITests/Info.plist;
				LD_RUNPATH_SEARCH_PATHS = (
					"$(inherited)",
					"@executable_path/Frameworks",
					"@loader_path/Frameworks",
				);
				PRODUCT_BUNDLE_IDENTIFIER = id.layouting.SimpleXibUITests;
				PRODUCT_NAME = "$(TARGET_NAME)";
				SWIFT_VERSION = 5.0;
				TARGETED_DEVICE_FAMILY = "1,2";
				TEST_TARGET_NAME = SimpleXib;
			};
			name = Release;
		};
/* End XCBuildConfiguration section */

/* Begin XCConfigurationList section */
		265CB39E2394FD2F0040913D /* Build configuration list for PBXProject "SimpleXib" */ = {
			isa = XCConfigurationList;
			buildConfigurations = (
				265CB3CB2394FD3F0040913D /* Debug */,
				265CB3CC2394FD3F0040913D /* Release */,
			);
			defaultConfigurationIsVisible = 0;
			defaultConfigurationName = Release;
		};
		265CB3CD2394FD3F0040913D /* Build configuration list for PBXNativeTarget "SimpleXib" */ = {
			isa = XCConfigurationList;
			buildConfigurations = (
				265CB3CE2394FD3F0040913D /* Debug */,
				265CB3CF2394FD3F0040913D /* Release */,
			);
			defaultConfigurationIsVisible = 0;
			defaultConfigurationName = Release;
		};
		265CB3D02394FD3F0040913D /* Build configuration list for PBXNativeTarget "SimpleXibTests" */ = {
			isa = XCConfigurationList;
			buildConfigurations = (
				265CB3D12394FD3F0040913D /* Debug */,
				265CB3D22394FD3F0040913D /* Release */,
			);
			defaultConfigurationIsVisible = 0;
			defaultConfigurationName = Release;
		};
		265CB3D32394FD3F0040913D /* Build configuration list for PBXNativeTarget "SimpleXibUITests" */ = {
			isa = XCConfigurationList;
			buildConfigurations = (
				265CB3D42394FD3F0040913D /* Debug */,
				265CB3D52394FD3F0040913D /* Release */,
			);
			defaultConfigurationIsVisible = 0;
			defaultConfigurationName = Release;
		};
/* End XCConfigurationList section */
	};
	rootObject = 265CB39B2394FD2F0040913D /* Project object */;
}
